
Microsoft Visual Studio Solution File, Format Version 12.00
# Visual Studio Version 16
VisualStudioVersion = 16.0.32602.291
MinimumVisualStudioVersion = 10.0.40219.1
Project("{FAE04EC0-301F-11D3-BF4B-00C04F79EFBC}") = "Hello-World", "Hello-World\Hello-World.csproj", "{D8061AC4-06DE-49DE-AEEC-25B1DD67FC5D}"
EndProject
Global
	GlobalSection(SolutionConfigurationPlatforms) = preSolution
		Debug|Any CPU = Debug|Any CPU
		Release|Any CPU = Release|Any CPU
	EndGlobalSection
	GlobalSection(ProjectConfigurationPlatforms) = postSolution
		{D8061AC4-06DE-49DE-AEEC-25B1DD67FC5D}.Debug|Any CPU.ActiveCfg = Debug|Any CPU
		{D8061AC4-06DE-49DE-AEEC-25B1DD67FC5D}.Debug|Any CPU.Build.0 = Debug|Any CPU
		{D8061AC4-06DE-49DE-AEEC-25B1DD67FC5D}.Release|Any CPU.ActiveCfg = Release|Any CPU
		{D8061AC4-06DE-49DE-AEEC-25B1DD67FC5D}.Release|Any CPU.Build.0 = Release|Any CPU
	EndGlobalSection
	GlobalSection(SolutionProperties) = preSolution
		HideSolutionNode = FALSE
	EndGlobalSection
	GlobalSection(ExtensibilityGlobals) = postSolution
		SolutionGuid = {A9BFA79D-F391-4893-9BF7-B50C5F62BBFF}
	EndGlobalSection
EndGlobal
